
Microsoft Visual Studio Solution File, Format Version 12.00
# Visual Studio Version 16
VisualStudioVersion = 16.0.31729.503
MinimumVisualStudioVersion = 10.0.40219.1
Project("{9A19103F-16F7-4668-BE54-9A1E7A4F7556}") = "Addition", "Addition\Addition.csproj", "{36D2B13B-202C-417C-82EF-22D0AFB6CCFB}"
EndProject
Project("{9A19103F-16F7-4668-BE54-9A1E7A4F7556}") = "Task_2", "Task_2\Task_2.csproj", "{20D39E12-23A7-4841-8E56-6F928A10E2F9}"
EndProject
Project("{9A19103F-16F7-4668-BE54-9A1E7A4F7556}") = "Task_3", "Task_3\Task_3.csproj", "{8CAC93C8-8096-4C2A-8241-62046858EF5F}"
EndProject
Project("{FAE04EC0-301F-11D3-BF4B-00C04F79EFBC}") = "Task_4", "Task_4\Task_4.csproj", "{CFF36749-5AB2-465B-9B46-156102E88A88}"
EndProject
Global
	GlobalSection(SolutionConfigurationPlatforms) = preSolution
		Debug|Any CPU = Debug|Any CPU
		Release|Any CPU = Release|Any CPU
	EndGlobalSection
	GlobalSection(ProjectConfigurationPlatforms) = postSolution
		{36D2B13B-202C-417C-82EF-22D0AFB6CCFB}.Debug|Any CPU.ActiveCfg = Debug|Any CPU
		{36D2B13B-202C-417C-82EF-22D0AFB6CCFB}.Debug|Any CPU.Build.0 = Debug|Any CPU
		{36D2B13B-202C-417C-82EF-22D0AFB6CCFB}.Release|Any CPU.ActiveCfg = Release|Any CPU
		{36D2B13B-202C-417C-82EF-22D0AFB6CCFB}.Release|Any CPU.Build.0 = Release|Any CPU
		{20D39E12-23A7-4841-8E56-6F928A10E2F9}.Debug|Any CPU.ActiveCfg = Debug|Any CPU
		{20D39E12-23A7-4841-8E56-6F928A10E2F9}.Debug|Any CPU.Build.0 = Debug|Any CPU
		{20D39E12-23A7-4841-8E56-6F928A10E2F9}.Release|Any CPU.ActiveCfg = Release|Any CPU
		{20D39E12-23A7-4841-8E56-6F928A10E2F9}.Release|Any CPU.Build.0 = Release|Any CPU
		{8CAC93C8-8096-4C2A-8241-62046858EF5F}.Debug|Any CPU.ActiveCfg = Debug|Any CPU
		{8CAC93C8-8096-4C2A-8241-62046858EF5F}.Debug|Any CPU.Build.0 = Debug|Any CPU
		{8CAC93C8-8096-4C2A-8241-62046858EF5F}.Release|Any CPU.ActiveCfg = Release|Any CPU
		{8CAC93C8-8096-4C2A-8241-62046858EF5F}.Release|Any CPU.Build.0 = Release|Any CPU
		{CFF36749-5AB2-465B-9B46-156102E88A88}.Debug|Any CPU.ActiveCfg = Debug|Any CPU
		{CFF36749-5AB2-465B-9B46-156102E88A88}.Debug|Any CPU.Build.0 = Debug|Any CPU
		{CFF36749-5AB2-465B-9B46-156102E88A88}.Release|Any CPU.ActiveCfg = Release|Any CPU
		{CFF36749-5AB2-465B-9B46-156102E88A88}.Release|Any CPU.Build.0 = Release|Any CPU
	EndGlobalSection
	GlobalSection(SolutionProperties) = preSolution
		HideSolutionNode = FALSE
	EndGlobalSection
	GlobalSection(ExtensibilityGlobals) = postSolution
		SolutionGuid = {C8BA6596-579E-43D6-8B56-586224FC71E7}
	EndGlobalSection
EndGlobal
